{
	"name": "@aws-cdk/core",
	"version": "1.0.0",
	"lockfileVersion": 1,
	"requires": true,
	"dependencies": {
		"@aws-cdk/cloud-assembly-schema": {
			"version": "1.103.0",
			"resolved": "https://registry.npmjs.org/@aws-cdk/cloud-assembly-schema/-/cloud-assembly-schema-1.103.0.tgz",
			"integrity": "sha512-o2HjkGhmvN12E/G5E+2AqiEJVukFg6A8+UAv8/La3ldnJxiaPWegTERymoxa5vuNBWl+Abf4g4vZEsJ9hje3LA==",
			"requires": {
				"jsonschema": "^1.4.0",
				"semver": "^7.3.5"
			},
			"dependencies": {
				"jsonschema": {
					"version": "1.4.0",
					"bundled": true
				},
				"lru-cache": {
					"version": "6.0.0",
					"bundled": true,
					"requires": {
						"yallist": "^4.0.0"
					}
				},
				"semver": {
					"version": "7.3.5",
					"bundled": true,
					"requires": {
						"lru-cache": "^6.0.0"
					}
				},
				"yallist": {
					"version": "4.0.0",
					"bundled": true
				}
			}
		},
		"@aws-cdk/cx-api": {
			"version": "1.103.0",
			"resolved": "https://registry.npmjs.org/@aws-cdk/cx-api/-/cx-api-1.103.0.tgz",
			"integrity": "sha512-o4GoCKJaGIf9cZDQbSjQbDGGuPzF39PG07sfb7t7bGmxM0TJxbUdyjDsm54zdDBcJQSMbwKwcaCfLfcZ3SctcA==",
			"requires": {
				"@aws-cdk/cloud-assembly-schema": "1.103.0",
				"semver": "^7.3.5"
			},
			"dependencies": {
				"lru-cache": {
					"version": "6.0.0",
					"bundled": true,
					"requires": {
						"yallist": "^4.0.0"
					}
				},
				"semver": {
					"version": "7.3.5",
					"bundled": true,
					"requires": {
						"lru-cache": "^6.0.0"
					}
				},
				"yallist": {
					"version": "4.0.0",
					"bundled": true
				}
			}
		},
		"@types/lodash": {
			"version": "4.14.136",
			"resolved": "https://registry.npmjs.org/@types/lodash/-/lodash-4.14.136.tgz",
			"integrity": "sha512-0GJhzBdvsW2RUccNHOBkabI8HZVdOXmXbXhuKlDEd5Vv12P7oAVGfomGp3Ne21o5D/qu1WmthlNKFaoZJJeErA==",
			"dev": true
		},
		"cdk-build-tools": {
			"version": "file:../../../tools/cdk-build-tools",
			"dev": true
		},
		"cfn2ts": {
			"version": "file:../../../tools/cfn2ts",
			"dev": true
		},
		"fast-check": {
			"version": "1.16.0",
			"resolved": "https://registry.npmjs.org/fast-check/-/fast-check-1.16.0.tgz",
			"integrity": "sha512-6ogX4kGFPCNe1p43csINJQrK8wSUq0j6AisK+d2YmUfrta3aHdN+APZHlUanegoZOzdCkLmEW0XOk1/fVRbG2g==",
			"dev": true,
			"requires": {
				"pure-rand": "^1.6.2",
				"tslib": "^1.9.3"
			},
			"dependencies": {
				"pure-rand": {
					"version": "1.6.2",
					"resolved": "https://registry.npmjs.org/pure-rand/-/pure-rand-1.6.2.tgz",
					"integrity": "sha512-HNwHOH63m7kCxe0kWEe5jSLwJiL2N83RUUN8POniFuZS+OsbFcMWlvXgxIU2nwKy2zYG2bQan40WBNK4biYPRg==",
					"dev": true
				},
				"tslib": {
					"version": "1.10.0",
					"resolved": "https://registry.npmjs.org/tslib/-/tslib-1.10.0.tgz",
					"integrity": "sha512-qOebF53frne81cf0S9B41ByenJ3/IuH8yJKngAX35CmiZySA0khhkovshKK+jGCaMnVomla7gVlIcc3EvKPbTQ==",
					"dev": true
				}
			}
		},
		"lodash": {
			"version": "4.17.21",
			"resolved": "https://registry.npmjs.org/lodash/-/lodash-4.17.21.tgz",
			"integrity": "sha512-v2kDEe57lecTulaDIuNTPy3Ry4gLGJ6Z1O3vE1krgXZNrsQ+LFTGHVxVjcXPs17LhbZVGedAJv8XZ1tvj5FvSg==",
			"dev": true
		},
		"pkglint": {
			"version": "file:../../../tools/pkglint",
			"dev": true
		}
	}
}
