{
	"name": "@aws-cdk/aws-codepipeline-actions",
	"version": "1.0.0",
	"lockfileVersion": 1,
	"requires": true,
	"dependencies": {
		"@aws-cdk/assert": {
			"version": "1.103.0",
			"resolved": "https://registry.npmjs.org/@aws-cdk/assert/-/assert-1.103.0.tgz",
			"integrity": "sha512-ChbXTaPBnFqN294+Ui1vvmuwPhJY0a94NTFtz0vMh7ZVAZ3PlQE0y17E2DKNw+WoFtPAOc9OlVFI9dglN0B4QQ==",
			"dev": true,
			"requires": {
				"@aws-cdk/cloudformation-diff": "1.103.0",
				"@aws-cdk/core": "1.103.0",
				"@aws-cdk/cx-api": "1.103.0",
				"constructs": "^3.3.69"
			}
		},
		"@aws-cdk/assets": {
			"version": "1.103.0",
			"resolved": "https://registry.npmjs.org/@aws-cdk/assets/-/assets-1.103.0.tgz",
			"integrity": "sha512-aHb9rMwL2Cyf+52E8o8jxfXH9+SUoMSMstx7kDhuZ+4HBSPMnpAQJOA5MNZTJCoKo5nLq2dzsw7Gk8gEsbc89w==",
			"requires": {
				"@aws-cdk/core": "1.103.0",
				"@aws-cdk/cx-api": "1.103.0",
				"constructs": "^3.3.69"
			}
		},
		"@aws-cdk/aws-apigateway": {
			"version": "1.103.0",
			"resolved": "https://registry.npmjs.org/@aws-cdk/aws-apigateway/-/aws-apigateway-1.103.0.tgz",
			"integrity": "sha512-lP6ejqcpLnhPmGGcoEpkNEekaPq8hk2rcG1NIWcjRYGrjA+jLfLDXWAHwX+kSoT2vmH2J5O3zNfVvQgauUoq6Q==",
			"requires": {
				"@aws-cdk/aws-certificatemanager": "1.103.0",
				"@aws-cdk/aws-cloudwatch": "1.103.0",
				"@aws-cdk/aws-cognito": "1.103.0",
				"@aws-cdk/aws-ec2": "1.103.0",
				"@aws-cdk/aws-elasticloadbalancingv2": "1.103.0",
				"@aws-cdk/aws-iam": "1.103.0",
				"@aws-cdk/aws-lambda": "1.103.0",
				"@aws-cdk/aws-logs": "1.103.0",
				"@aws-cdk/aws-s3": "1.103.0",
				"@aws-cdk/aws-s3-assets": "1.103.0",
				"@aws-cdk/core": "1.103.0",
				"@aws-cdk/cx-api": "1.103.0",
				"constructs": "^3.3.69"
			}
		},
		"@aws-cdk/aws-applicationautoscaling": {
			"version": "1.103.0",
			"resolved": "https://registry.npmjs.org/@aws-cdk/aws-applicationautoscaling/-/aws-applicationautoscaling-1.103.0.tgz",
			"integrity": "sha512-NjYaeG55vVMt9epDGJgBqxbI05VI+ZrL0z87omwVruoJg/6xOW8GBiXv0WulllTTD2jU1igpQDB8orpD8bg+gQ==",
			"requires": {
				"@aws-cdk/aws-autoscaling-common": "1.103.0",
				"@aws-cdk/aws-cloudwatch": "1.103.0",
				"@aws-cdk/aws-iam": "1.103.0",
				"@aws-cdk/core": "1.103.0",
				"constructs": "^3.3.69"
			}
		},
		"@aws-cdk/aws-autoscaling": {
			"version": "1.103.0",
			"resolved": "https://registry.npmjs.org/@aws-cdk/aws-autoscaling/-/aws-autoscaling-1.103.0.tgz",
			"integrity": "sha512-iAKpko1f7Kk9yi3zWbU5O+yIHaLfBiMSXaaxvwFno43xjIwnMYhBkSOh9aZRs2vpOFx1JfP28MFTHF6tNxJogw==",
			"requires": {
				"@aws-cdk/aws-autoscaling-common": "1.103.0",
				"@aws-cdk/aws-cloudwatch": "1.103.0",
				"@aws-cdk/aws-ec2": "1.103.0",
				"@aws-cdk/aws-elasticloadbalancing": "1.103.0",
				"@aws-cdk/aws-elasticloadbalancingv2": "1.103.0",
				"@aws-cdk/aws-iam": "1.103.0",
				"@aws-cdk/aws-sns": "1.103.0",
				"@aws-cdk/core": "1.103.0",
				"constructs": "^3.3.69"
			}
		},
		"@aws-cdk/aws-autoscaling-common": {
			"version": "1.103.0",
			"resolved": "https://registry.npmjs.org/@aws-cdk/aws-autoscaling-common/-/aws-autoscaling-common-1.103.0.tgz",
			"integrity": "sha512-u4aN2w1Gx2B9pz2dTCV1VFMRDIL3DLEd13QC/QW/3DnbBrwyexvUjum8XwaMr8UGsUIcz7bvqLsNAmzUrvtXbQ==",
			"requires": {
				"@aws-cdk/aws-iam": "1.103.0",
				"@aws-cdk/core": "1.103.0",
				"constructs": "^3.3.69"
			}
		},
		"@aws-cdk/aws-autoscaling-hooktargets": {
			"version": "1.103.0",
			"resolved": "https://registry.npmjs.org/@aws-cdk/aws-autoscaling-hooktargets/-/aws-autoscaling-hooktargets-1.103.0.tgz",
			"integrity": "sha512-YI+UaFpz087BKmMMmkLAKcH62zPk/qRsGYDPjMw1VK0SdKtKzKgvL+0ymHjSZ6TJR2a1IqXj7E1wx2J2xE31jA==",
			"requires": {
				"@aws-cdk/aws-autoscaling": "1.103.0",
				"@aws-cdk/aws-iam": "1.103.0",
				"@aws-cdk/aws-kms": "1.103.0",
				"@aws-cdk/aws-lambda": "1.103.0",
				"@aws-cdk/aws-sns": "1.103.0",
				"@aws-cdk/aws-sns-subscriptions": "1.103.0",
				"@aws-cdk/aws-sqs": "1.103.0",
				"@aws-cdk/core": "1.103.0",
				"constructs": "^3.3.69"
			}
		},
		"@aws-cdk/aws-certificatemanager": {
			"version": "1.103.0",
			"resolved": "https://registry.npmjs.org/@aws-cdk/aws-certificatemanager/-/aws-certificatemanager-1.103.0.tgz",
			"integrity": "sha512-RVvNT31Ndlgiv2CUhCYOiB71jp9TwZf2PvL5HZsk+f+UW+wUZaSOLFPbm/Gq61GNoQfWyMeiHRP+MDm5Uc42gA==",
			"requires": {
				"@aws-cdk/aws-iam": "1.103.0",
				"@aws-cdk/aws-lambda": "1.103.0",
				"@aws-cdk/aws-route53": "1.103.0",
				"@aws-cdk/core": "1.103.0",
				"constructs": "^3.3.69"
			}
		},
		"@aws-cdk/aws-cloudformation": {
			"version": "1.103.0",
			"resolved": "https://registry.npmjs.org/@aws-cdk/aws-cloudformation/-/aws-cloudformation-1.103.0.tgz",
			"integrity": "sha512-sKkCqvJuX2fAlsD7QJQ5nFnijBsGnSW6AsFcwH9f489tX3D0fNSg6ZR/gx1atnA1DZn4ZnHb6gOq+Lw61oN7XQ==",
			"requires": {
				"@aws-cdk/aws-iam": "1.103.0",
				"@aws-cdk/aws-lambda": "1.103.0",
				"@aws-cdk/aws-s3": "1.103.0",
				"@aws-cdk/aws-sns": "1.103.0",
				"@aws-cdk/core": "1.103.0",
				"@aws-cdk/cx-api": "1.103.0",
				"constructs": "^3.3.69"
			}
		},
		"@aws-cdk/aws-cloudfront": {
			"version": "1.103.0",
			"resolved": "https://registry.npmjs.org/@aws-cdk/aws-cloudfront/-/aws-cloudfront-1.103.0.tgz",
			"integrity": "sha512-/4JG/LvwEoT1a432xdGJXdzd6lI3yRtflFfc0vWtCAjFaZaEmj+Ew49Xu4WWTsbynxnU5OJjUaO+I7xp0WLPzQ==",
			"requires": {
				"@aws-cdk/aws-certificatemanager": "1.103.0",
				"@aws-cdk/aws-cloudwatch": "1.103.0",
				"@aws-cdk/aws-ec2": "1.103.0",
				"@aws-cdk/aws-iam": "1.103.0",
				"@aws-cdk/aws-kms": "1.103.0",
				"@aws-cdk/aws-lambda": "1.103.0",
				"@aws-cdk/aws-s3": "1.103.0",
				"@aws-cdk/aws-ssm": "1.103.0",
				"@aws-cdk/core": "1.103.0",
				"constructs": "^3.3.69"
			}
		},
		"@aws-cdk/aws-cloudtrail": {
			"version": "1.103.0",
			"resolved": "https://registry.npmjs.org/@aws-cdk/aws-cloudtrail/-/aws-cloudtrail-1.103.0.tgz",
			"integrity": "sha512-eU7Xbdt9REVPiusrfbQ6+evUV+ARKs+VhAq6p25dinSaQz6velAJPPK12eTSqC+VguTFZICBiwnsaz1+FUGt8g==",
			"dev": true,
			"requires": {
				"@aws-cdk/aws-events": "1.103.0",
				"@aws-cdk/aws-iam": "1.103.0",
				"@aws-cdk/aws-kms": "1.103.0",
				"@aws-cdk/aws-lambda": "1.103.0",
				"@aws-cdk/aws-logs": "1.103.0",
				"@aws-cdk/aws-s3": "1.103.0",
				"@aws-cdk/aws-sns": "1.103.0",
				"@aws-cdk/core": "1.103.0",
				"constructs": "^3.3.69"
			}
		},
		"@aws-cdk/aws-cloudwatch": {
			"version": "1.103.0",
			"resolved": "https://registry.npmjs.org/@aws-cdk/aws-cloudwatch/-/aws-cloudwatch-1.103.0.tgz",
			"integrity": "sha512-cFd44e+6g2m55c/3Kt/2vZFSvtxx3O6URCyuj8xajmCPsPijU0Psc4gpm/eFSBjnJBtqld9saGHZbzn7jcYjdw==",
			"requires": {
				"@aws-cdk/aws-iam": "1.103.0",
				"@aws-cdk/core": "1.103.0",
				"constructs": "^3.3.69"
			}
		},
		"@aws-cdk/aws-codebuild": {
			"version": "1.103.0",
			"resolved": "https://registry.npmjs.org/@aws-cdk/aws-codebuild/-/aws-codebuild-1.103.0.tgz",
			"integrity": "sha512-6wNspSK9KFzzoam9OOE40KBi8ybwMVIQdyZQDxahidLMFakdFsmLd9jS+5emP5B7T4jxPlOf6r7BcNxAd0ZR+w==",
			"requires": {
				"@aws-cdk/aws-cloudwatch": "1.103.0",
				"@aws-cdk/aws-codecommit": "1.103.0",
				"@aws-cdk/aws-ec2": "1.103.0",
				"@aws-cdk/aws-ecr": "1.103.0",
				"@aws-cdk/aws-ecr-assets": "1.103.0",
				"@aws-cdk/aws-events": "1.103.0",
				"@aws-cdk/aws-iam": "1.103.0",
				"@aws-cdk/aws-kms": "1.103.0",
				"@aws-cdk/aws-logs": "1.103.0",
				"@aws-cdk/aws-s3": "1.103.0",
				"@aws-cdk/aws-s3-assets": "1.103.0",
				"@aws-cdk/aws-secretsmanager": "1.103.0",
				"@aws-cdk/core": "1.103.0",
				"@aws-cdk/region-info": "1.103.0",
				"constructs": "^3.3.69",
				"yaml": "1.10.2"
			},
			"dependencies": {
				"yaml": {
					"version": "1.10.2",
					"bundled": true
				}
			}
		},
		"@aws-cdk/aws-codecommit": {
			"version": "1.103.0",
			"resolved": "https://registry.npmjs.org/@aws-cdk/aws-codecommit/-/aws-codecommit-1.103.0.tgz",
			"integrity": "sha512-yR6UsFMNYqfjjaU0J+ftPShHxQMXG1jsJqOJtmLSfcUXcoNao7a9+nD+Fdz3JgkKjb6rQKTuvRglE5VSyw4jNg==",
			"requires": {
				"@aws-cdk/aws-events": "1.103.0",
				"@aws-cdk/aws-iam": "1.103.0",
				"@aws-cdk/core": "1.103.0",
				"constructs": "^3.3.69"
			}
		},
		"@aws-cdk/aws-codedeploy": {
			"version": "1.103.0",
			"resolved": "https://registry.npmjs.org/@aws-cdk/aws-codedeploy/-/aws-codedeploy-1.103.0.tgz",
			"integrity": "sha512-HGu9H3W8bWF+Df9PfPN9hTj1TKTBOdEqHog03z1bdH8Ue9gKry5Bk6ueb24TLaqT4e/fQF1GUOMixhfoJvLIYA==",
			"requires": {
				"@aws-cdk/aws-autoscaling": "1.103.0",
				"@aws-cdk/aws-cloudwatch": "1.103.0",
				"@aws-cdk/aws-ec2": "1.103.0",
				"@aws-cdk/aws-elasticloadbalancing": "1.103.0",
				"@aws-cdk/aws-elasticloadbalancingv2": "1.103.0",
				"@aws-cdk/aws-iam": "1.103.0",
				"@aws-cdk/aws-lambda": "1.103.0",
				"@aws-cdk/aws-s3": "1.103.0",
				"@aws-cdk/core": "1.103.0",
				"@aws-cdk/custom-resources": "1.103.0",
				"constructs": "^3.3.69"
			}
		},
		"@aws-cdk/aws-codeguruprofiler": {
			"version": "1.103.0",
			"resolved": "https://registry.npmjs.org/@aws-cdk/aws-codeguruprofiler/-/aws-codeguruprofiler-1.103.0.tgz",
			"integrity": "sha512-OEagWhf0t2239iNOtr0b9H9hAS6InaDv68mqBh86zr1bcg8sorPRZOyoZAGasrgLp4cuMVgAfwgbRKlbHSP0iw==",
			"requires": {
				"@aws-cdk/aws-iam": "1.103.0",
				"@aws-cdk/core": "1.103.0",
				"constructs": "^3.3.69"
			}
		},
		"@aws-cdk/aws-codepipeline": {
			"version": "1.103.0",
			"resolved": "https://registry.npmjs.org/@aws-cdk/aws-codepipeline/-/aws-codepipeline-1.103.0.tgz",
			"integrity": "sha512-MdJlYtAB6gRLL4Z0xJwVl6h1DWKq6JOyqIAugU8V5tg5gumDJ8SOHCCtg8a0gCE7xWbfGGXsm4Ve5oMScOy0VA==",
			"requires": {
				"@aws-cdk/aws-events": "1.103.0",
				"@aws-cdk/aws-iam": "1.103.0",
				"@aws-cdk/aws-kms": "1.103.0",
				"@aws-cdk/aws-s3": "1.103.0",
				"@aws-cdk/core": "1.103.0",
				"constructs": "^3.3.69"
			}
		},
		"@aws-cdk/aws-cognito": {
			"version": "1.103.0",
			"resolved": "https://registry.npmjs.org/@aws-cdk/aws-cognito/-/aws-cognito-1.103.0.tgz",
			"integrity": "sha512-f3BVm5AmlMy4ZMHTfhU1qXvWYic2oMAtrWgp6r3gMKxmJZ9nBvUJas7vZIWOe52L1745RCxPTimsGbyFSuey4w==",
			"requires": {
				"@aws-cdk/aws-certificatemanager": "1.103.0",
				"@aws-cdk/aws-iam": "1.103.0",
				"@aws-cdk/aws-lambda": "1.103.0",
				"@aws-cdk/core": "1.103.0",
				"@aws-cdk/custom-resources": "1.103.0",
				"constructs": "^3.3.69",
				"punycode": "^2.1.1"
			},
			"dependencies": {
				"punycode": {
					"version": "2.1.1",
					"bundled": true
				}
			}
		},
		"@aws-cdk/aws-ec2": {
			"version": "1.103.0",
			"resolved": "https://registry.npmjs.org/@aws-cdk/aws-ec2/-/aws-ec2-1.103.0.tgz",
			"integrity": "sha512-C+mvW7LFG9UCCq4vegnP3etyL2TSFlwt/3HT8WFDOUjFdu+leQUGm6DW5E9l+UD1MOvRUVvt+xhFl+Vup+Ottg==",
			"requires": {
				"@aws-cdk/aws-cloudwatch": "1.103.0",
				"@aws-cdk/aws-iam": "1.103.0",
				"@aws-cdk/aws-kms": "1.103.0",
				"@aws-cdk/aws-logs": "1.103.0",
				"@aws-cdk/aws-s3": "1.103.0",
				"@aws-cdk/aws-s3-assets": "1.103.0",
				"@aws-cdk/aws-ssm": "1.103.0",
				"@aws-cdk/cloud-assembly-schema": "1.103.0",
				"@aws-cdk/core": "1.103.0",
				"@aws-cdk/cx-api": "1.103.0",
				"@aws-cdk/region-info": "1.103.0",
				"constructs": "^3.3.69"
			}
		},
		"@aws-cdk/aws-ecr": {
			"version": "1.103.0",
			"resolved": "https://registry.npmjs.org/@aws-cdk/aws-ecr/-/aws-ecr-1.103.0.tgz",
			"integrity": "sha512-+sa/1NaOeVy8Zi3Hml3pjbEFmbez7lXcEfHGGaVv242q/4Vf9pX1hCdvygcTEfuj9G41/pbA+jWfHvKlWi1ECg==",
			"requires": {
				"@aws-cdk/aws-events": "1.103.0",
				"@aws-cdk/aws-iam": "1.103.0",
				"@aws-cdk/core": "1.103.0",
				"constructs": "^3.3.69"
			}
		},
		"@aws-cdk/aws-ecr-assets": {
			"version": "1.103.0",
			"resolved": "https://registry.npmjs.org/@aws-cdk/aws-ecr-assets/-/aws-ecr-assets-1.103.0.tgz",
			"integrity": "sha512-2U3zALUJZlAOSSQiNpgdvmUXvFzs7SBZrYgHCRM7Vf/M7QPRsEZXrHB3+cpSUBsFX41nHvjjMKeTC9zhMtp0og==",
			"requires": {
				"@aws-cdk/assets": "1.103.0",
				"@aws-cdk/aws-ecr": "1.103.0",
				"@aws-cdk/aws-iam": "1.103.0",
				"@aws-cdk/aws-s3": "1.103.0",
				"@aws-cdk/core": "1.103.0",
				"@aws-cdk/cx-api": "1.103.0",
				"constructs": "^3.3.69",
				"minimatch": "^3.0.4"
			},
			"dependencies": {
				"balanced-match": {
					"version": "1.0.2",
					"bundled": true
				},
				"brace-expansion": {
					"version": "1.1.11",
					"bundled": true,
					"requires": {
						"balanced-match": "^1.0.0",
						"concat-map": "0.0.1"
					}
				},
				"concat-map": {
					"version": "0.0.1",
					"bundled": true
				},
				"minimatch": {
					"version": "3.0.4",
					"bundled": true,
					"requires": {
						"brace-expansion": "^1.1.7"
					}
				}
			}
		},
		"@aws-cdk/aws-ecs": {
			"version": "1.103.0",
			"resolved": "https://registry.npmjs.org/@aws-cdk/aws-ecs/-/aws-ecs-1.103.0.tgz",
			"integrity": "sha512-m5d1182i62OKUTCl4hwcUpFxbjSGU+q5UfYJbWeCQB0FcCLkohzN/TJzrrpLr659wAN0q8zKhrJe/nADMHOmnw==",
			"requires": {
				"@aws-cdk/aws-applicationautoscaling": "1.103.0",
				"@aws-cdk/aws-autoscaling": "1.103.0",
				"@aws-cdk/aws-autoscaling-hooktargets": "1.103.0",
				"@aws-cdk/aws-certificatemanager": "1.103.0",
				"@aws-cdk/aws-cloudwatch": "1.103.0",
				"@aws-cdk/aws-ec2": "1.103.0",
				"@aws-cdk/aws-ecr": "1.103.0",
				"@aws-cdk/aws-ecr-assets": "1.103.0",
				"@aws-cdk/aws-elasticloadbalancing": "1.103.0",
				"@aws-cdk/aws-elasticloadbalancingv2": "1.103.0",
				"@aws-cdk/aws-iam": "1.103.0",
				"@aws-cdk/aws-kms": "1.103.0",
				"@aws-cdk/aws-lambda": "1.103.0",
				"@aws-cdk/aws-logs": "1.103.0",
				"@aws-cdk/aws-route53": "1.103.0",
				"@aws-cdk/aws-route53-targets": "1.103.0",
				"@aws-cdk/aws-s3": "1.103.0",
				"@aws-cdk/aws-s3-assets": "1.103.0",
				"@aws-cdk/aws-secretsmanager": "1.103.0",
				"@aws-cdk/aws-servicediscovery": "1.103.0",
				"@aws-cdk/aws-sns": "1.103.0",
				"@aws-cdk/aws-sqs": "1.103.0",
				"@aws-cdk/aws-ssm": "1.103.0",
				"@aws-cdk/core": "1.103.0",
				"@aws-cdk/cx-api": "1.103.0",
				"constructs": "^3.3.69"
			}
		},
		"@aws-cdk/aws-efs": {
			"version": "1.103.0",
			"resolved": "https://registry.npmjs.org/@aws-cdk/aws-efs/-/aws-efs-1.103.0.tgz",
			"integrity": "sha512-L/mWu+U2z1qmvEOoB9/JO5teMyeMreoQHO/AgFyQg6wY/xF+rVd2cxxcFM8tsETlEQ1FZkHOEHL5dIKSceFOUQ==",
			"requires": {
				"@aws-cdk/aws-ec2": "1.103.0",
				"@aws-cdk/aws-kms": "1.103.0",
				"@aws-cdk/cloud-assembly-schema": "1.103.0",
				"@aws-cdk/core": "1.103.0",
				"@aws-cdk/cx-api": "1.103.0",
				"constructs": "^3.3.69"
			}
		},
		"@aws-cdk/aws-elasticloadbalancing": {
			"version": "1.103.0",
			"resolved": "https://registry.npmjs.org/@aws-cdk/aws-elasticloadbalancing/-/aws-elasticloadbalancing-1.103.0.tgz",
			"integrity": "sha512-zaGsF0KnNSNYX3IjLVJN2r2Q5Am916CdJichO2XIdFGQGdpwMyk/TYBWxFxhgD2sr+i58hRdcRlxZUA6TrVsmw==",
			"requires": {
				"@aws-cdk/aws-ec2": "1.103.0",
				"@aws-cdk/core": "1.103.0",
				"constructs": "^3.3.69"
			}
		},
		"@aws-cdk/aws-elasticloadbalancingv2": {
			"version": "1.103.0",
			"resolved": "https://registry.npmjs.org/@aws-cdk/aws-elasticloadbalancingv2/-/aws-elasticloadbalancingv2-1.103.0.tgz",
			"integrity": "sha512-oSM5smoqQ+NHoHA8N6znXYuIlAQg2OgVv4IH3szMeNQvSuKl/iBsbs9SEHWx4MaNRJranaAFlno15YJugtXYKg==",
			"requires": {
				"@aws-cdk/aws-certificatemanager": "1.103.0",
				"@aws-cdk/aws-cloudwatch": "1.103.0",
				"@aws-cdk/aws-ec2": "1.103.0",
				"@aws-cdk/aws-iam": "1.103.0",
				"@aws-cdk/aws-lambda": "1.103.0",
				"@aws-cdk/aws-s3": "1.103.0",
				"@aws-cdk/cloud-assembly-schema": "1.103.0",
				"@aws-cdk/core": "1.103.0",
				"@aws-cdk/cx-api": "1.103.0",
				"@aws-cdk/region-info": "1.103.0",
				"constructs": "^3.3.69"
			}
		},
		"@aws-cdk/aws-events": {
			"version": "1.103.0",
			"resolved": "https://registry.npmjs.org/@aws-cdk/aws-events/-/aws-events-1.103.0.tgz",
			"integrity": "sha512-cGQdEnzGcHwtfPOHVhH/w4n62htJJk26o/5KOno/1RUELeUTNIedmc5b9RmNNUe7jnuuId1pCMd0K76v4lQP/g==",
			"requires": {
				"@aws-cdk/aws-iam": "1.103.0",
				"@aws-cdk/core": "1.103.0",
				"constructs": "^3.3.69"
			}
		},
		"@aws-cdk/aws-events-targets": {
			"version": "1.103.0",
			"resolved": "https://registry.npmjs.org/@aws-cdk/aws-events-targets/-/aws-events-targets-1.103.0.tgz",
			"integrity": "sha512-5NnGsejdnfuTNPx5OIsshcR8U+LJQnEDJhV9I3gkMk9w/7jwlmz40Rw4Aq89pgp0Nxk/27KzauV1QWGwhH4dVg==",
			"requires": {
				"@aws-cdk/aws-apigateway": "1.103.0",
				"@aws-cdk/aws-codebuild": "1.103.0",
				"@aws-cdk/aws-codepipeline": "1.103.0",
				"@aws-cdk/aws-ec2": "1.103.0",
				"@aws-cdk/aws-ecs": "1.103.0",
				"@aws-cdk/aws-events": "1.103.0",
				"@aws-cdk/aws-iam": "1.103.0",
				"@aws-cdk/aws-kinesis": "1.103.0",
				"@aws-cdk/aws-kinesisfirehose": "1.103.0",
				"@aws-cdk/aws-lambda": "1.103.0",
				"@aws-cdk/aws-logs": "1.103.0",
				"@aws-cdk/aws-sns": "1.103.0",
				"@aws-cdk/aws-sns-subscriptions": "1.103.0",
				"@aws-cdk/aws-sqs": "1.103.0",
				"@aws-cdk/aws-stepfunctions": "1.103.0",
				"@aws-cdk/core": "1.103.0",
				"@aws-cdk/custom-resources": "1.103.0",
				"constructs": "^3.3.69"
			}
		},
		"@aws-cdk/aws-globalaccelerator": {
			"version": "1.103.0",
			"resolved": "https://registry.npmjs.org/@aws-cdk/aws-globalaccelerator/-/aws-globalaccelerator-1.103.0.tgz",
			"integrity": "sha512-8zQpDAwYlR9/ckMLsprKnF8IdpuZ4jXhe1mfEdaXe0dvNqI0qxjLhSUvVHlZGIOJsfMcFdxjrqQODC10/cJawg==",
			"requires": {
				"@aws-cdk/aws-ec2": "1.103.0",
				"@aws-cdk/core": "1.103.0",
				"@aws-cdk/custom-resources": "1.103.0",
				"constructs": "^3.3.69"
			}
		},
		"@aws-cdk/aws-iam": {
			"version": "1.103.0",
			"resolved": "https://registry.npmjs.org/@aws-cdk/aws-iam/-/aws-iam-1.103.0.tgz",
			"integrity": "sha512-ThyvvhjdswekYRaH+8bnBu679FErdJH9Tt/Nf7Fah/CiBFh1FbVixJc5pVqqF0nUqsHHRr2B4wMcB8x5xmMkQw==",
			"requires": {
				"@aws-cdk/core": "1.103.0",
				"@aws-cdk/region-info": "1.103.0",
				"constructs": "^3.3.69"
			}
		},
		"@aws-cdk/aws-kinesis": {
			"version": "1.103.0",
			"resolved": "https://registry.npmjs.org/@aws-cdk/aws-kinesis/-/aws-kinesis-1.103.0.tgz",
			"integrity": "sha512-axHyElnOysLiTCPx6yFfJAdHXvCxiTEesjjL+k8v/inCtbBMdTOd2wVMVjlZy/y6WNXJuGdsmxq/gDP+TUq3xQ==",
			"requires": {
				"@aws-cdk/aws-cloudwatch": "1.103.0",
				"@aws-cdk/aws-iam": "1.103.0",
				"@aws-cdk/aws-kms": "1.103.0",
				"@aws-cdk/aws-logs": "1.103.0",
				"@aws-cdk/core": "1.103.0",
				"constructs": "^3.3.69"
			}
		},
		"@aws-cdk/aws-kinesisfirehose": {
			"version": "1.103.0",
			"resolved": "https://registry.npmjs.org/@aws-cdk/aws-kinesisfirehose/-/aws-kinesisfirehose-1.103.0.tgz",
			"integrity": "sha512-iIwSYRWzjZLSQ8Dvrno3e8IF+FdoIjsxgggr76Afc49dN0lWHxk0dExnpChIynNADSp/Z9ybWPfHfaTG9SHaqA==",
			"requires": {
				"@aws-cdk/core": "1.103.0",
				"constructs": "^3.3.69"
			}
		},
		"@aws-cdk/aws-kms": {
			"version": "1.103.0",
			"resolved": "https://registry.npmjs.org/@aws-cdk/aws-kms/-/aws-kms-1.103.0.tgz",
			"integrity": "sha512-A4M75+jHmSEU1N/25rr20VwtSLsQMJ+L0PqrHcm05a3KY/QomyJ0sTqCSmFOzcrekSHxDRkh5Of/Cz6wJeIFLQ==",
			"requires": {
				"@aws-cdk/aws-iam": "1.103.0",
				"@aws-cdk/core": "1.103.0",
				"@aws-cdk/cx-api": "1.103.0",
				"constructs": "^3.3.69"
			}
		},
		"@aws-cdk/aws-lambda": {
			"version": "1.103.0",
			"resolved": "https://registry.npmjs.org/@aws-cdk/aws-lambda/-/aws-lambda-1.103.0.tgz",
			"integrity": "sha512-iKotVg1q1aUrBLbJOUXlua0AoOaTZ+5zEIV+AUmHBywEMcS6EZnP++YPnhHg62YpY6pRCglMBxjjwlVK4ChGdw==",
			"requires": {
				"@aws-cdk/aws-applicationautoscaling": "1.103.0",
				"@aws-cdk/aws-cloudwatch": "1.103.0",
				"@aws-cdk/aws-codeguruprofiler": "1.103.0",
				"@aws-cdk/aws-ec2": "1.103.0",
				"@aws-cdk/aws-ecr": "1.103.0",
				"@aws-cdk/aws-ecr-assets": "1.103.0",
				"@aws-cdk/aws-efs": "1.103.0",
				"@aws-cdk/aws-events": "1.103.0",
				"@aws-cdk/aws-iam": "1.103.0",
				"@aws-cdk/aws-kms": "1.103.0",
				"@aws-cdk/aws-logs": "1.103.0",
				"@aws-cdk/aws-s3": "1.103.0",
				"@aws-cdk/aws-s3-assets": "1.103.0",
				"@aws-cdk/aws-signer": "1.103.0",
				"@aws-cdk/aws-sqs": "1.103.0",
				"@aws-cdk/core": "1.103.0",
				"@aws-cdk/cx-api": "1.103.0",
				"constructs": "^3.3.69"
			}
		},
		"@aws-cdk/aws-logs": {
			"version": "1.103.0",
			"resolved": "https://registry.npmjs.org/@aws-cdk/aws-logs/-/aws-logs-1.103.0.tgz",
			"integrity": "sha512-M/uZlhh63msrWUcy/cx8FbjyD/lrxNXasIHJEugGjRPxGg1r5vgJfzKLb+wXlyKV/QhFa5gNT6dvLjQ+iOyEcw==",
			"requires": {
				"@aws-cdk/aws-cloudwatch": "1.103.0",
				"@aws-cdk/aws-iam": "1.103.0",
				"@aws-cdk/aws-kms": "1.103.0",
				"@aws-cdk/aws-s3-assets": "1.103.0",
				"@aws-cdk/core": "1.103.0",
				"constructs": "^3.3.69"
			}
		},
		"@aws-cdk/aws-route53": {
			"version": "1.103.0",
			"resolved": "https://registry.npmjs.org/@aws-cdk/aws-route53/-/aws-route53-1.103.0.tgz",
			"integrity": "sha512-uLcf51kTSRrWec8eLMh0kp1/AZ4gE8blWVjPUdglA433PSat8YFjQSutjIrqf3fLVSHUZAZrJKiLmtgro0+YIw==",
			"requires": {
				"@aws-cdk/aws-ec2": "1.103.0",
				"@aws-cdk/aws-iam": "1.103.0",
				"@aws-cdk/aws-logs": "1.103.0",
				"@aws-cdk/cloud-assembly-schema": "1.103.0",
				"@aws-cdk/core": "1.103.0",
				"@aws-cdk/custom-resources": "1.103.0",
				"constructs": "^3.3.69"
			}
		},
		"@aws-cdk/aws-route53-targets": {
			"version": "1.103.0",
			"resolved": "https://registry.npmjs.org/@aws-cdk/aws-route53-targets/-/aws-route53-targets-1.103.0.tgz",
			"integrity": "sha512-0+0IO0t4W2d7Pw0rnErofBm113qUeMERuxR3evCZlS8eJhTxmFbi8rLVwyljt0kPs3qzaUnWftNfOWgcwz5/vg==",
			"requires": {
				"@aws-cdk/aws-apigateway": "1.103.0",
				"@aws-cdk/aws-cloudfront": "1.103.0",
				"@aws-cdk/aws-cognito": "1.103.0",
				"@aws-cdk/aws-ec2": "1.103.0",
				"@aws-cdk/aws-elasticloadbalancing": "1.103.0",
				"@aws-cdk/aws-elasticloadbalancingv2": "1.103.0",
				"@aws-cdk/aws-globalaccelerator": "1.103.0",
				"@aws-cdk/aws-iam": "1.103.0",
				"@aws-cdk/aws-route53": "1.103.0",
				"@aws-cdk/aws-s3": "1.103.0",
				"@aws-cdk/core": "1.103.0",
				"@aws-cdk/region-info": "1.103.0",
				"constructs": "^3.3.69"
			}
		},
		"@aws-cdk/aws-s3": {
			"version": "1.103.0",
			"resolved": "https://registry.npmjs.org/@aws-cdk/aws-s3/-/aws-s3-1.103.0.tgz",
			"integrity": "sha512-UGg/rbauMfwUSsT6mcmTepw7bjyjaUDsnpfMJ6Yz+RYesQiCa1yyQtCvdxriOB0RyLyNAqWq4PvqjXKsJ8WUdA==",
			"requires": {
				"@aws-cdk/aws-events": "1.103.0",
				"@aws-cdk/aws-iam": "1.103.0",
				"@aws-cdk/aws-kms": "1.103.0",
				"@aws-cdk/core": "1.103.0",
				"@aws-cdk/cx-api": "1.103.0",
				"constructs": "^3.3.69"
			}
		},
		"@aws-cdk/aws-s3-assets": {
			"version": "1.103.0",
			"resolved": "https://registry.npmjs.org/@aws-cdk/aws-s3-assets/-/aws-s3-assets-1.103.0.tgz",
			"integrity": "sha512-1Ao0KLHkGJWnXursBv9l9Rar/d7BDBkGptMQhFLQZ3xxBfoIM4SgB/kHQ19vFyAO9k4fog/UsOSqSEGXrQUTpA==",
			"requires": {
				"@aws-cdk/assets": "1.103.0",
				"@aws-cdk/aws-iam": "1.103.0",
				"@aws-cdk/aws-kms": "1.103.0",
				"@aws-cdk/aws-s3": "1.103.0",
				"@aws-cdk/core": "1.103.0",
				"@aws-cdk/cx-api": "1.103.0",
				"constructs": "^3.3.69"
			}
		},
		"@aws-cdk/aws-sam": {
			"version": "1.103.0",
			"resolved": "https://registry.npmjs.org/@aws-cdk/aws-sam/-/aws-sam-1.103.0.tgz",
			"integrity": "sha512-BMbNQ3i+vJJrzxgr5GFIxL6QgyTh/IgCAPZesTN/C5XB5HqIqUqJrOG+zVLHUlHMfm7XzDb/xsrTFH6BBpT5nA==",
			"requires": {
				"@aws-cdk/core": "1.103.0",
				"constructs": "^3.3.69"
			}
		},
		"@aws-cdk/aws-secretsmanager": {
			"version": "1.103.0",
			"resolved": "https://registry.npmjs.org/@aws-cdk/aws-secretsmanager/-/aws-secretsmanager-1.103.0.tgz",
			"integrity": "sha512-Nz8sG8CzoM2jNbrfv4wB7MnQkaqmi76scohrsBFUR4TYFK22rVs2qTgsNudNd4rbk3PmgVjB7/fnKIE06ViQ4w==",
			"requires": {
				"@aws-cdk/aws-ec2": "1.103.0",
				"@aws-cdk/aws-iam": "1.103.0",
				"@aws-cdk/aws-kms": "1.103.0",
				"@aws-cdk/aws-lambda": "1.103.0",
				"@aws-cdk/aws-sam": "1.103.0",
				"@aws-cdk/core": "1.103.0",
				"@aws-cdk/cx-api": "1.103.0",
				"constructs": "^3.3.69"
			}
		},
		"@aws-cdk/aws-servicediscovery": {
			"version": "1.103.0",
			"resolved": "https://registry.npmjs.org/@aws-cdk/aws-servicediscovery/-/aws-servicediscovery-1.103.0.tgz",
			"integrity": "sha512-Ok93Y34D9CixlR/WE0FWdeugKkkVnnGifQlj0proZc5Tg1mfVoAIA0MOmpio8kEZ1aBHfR+Svg02zojlo3EA8w==",
			"requires": {
				"@aws-cdk/aws-ec2": "1.103.0",
				"@aws-cdk/aws-elasticloadbalancingv2": "1.103.0",
				"@aws-cdk/aws-route53": "1.103.0",
				"@aws-cdk/core": "1.103.0",
				"constructs": "^3.3.69"
			}
		},
		"@aws-cdk/aws-signer": {
			"version": "1.103.0",
			"resolved": "https://registry.npmjs.org/@aws-cdk/aws-signer/-/aws-signer-1.103.0.tgz",
			"integrity": "sha512-NmdPqiqz9sGYpUsnZujxJ7xjXfbbkax5UXSZ623fkw1v1pUyRClwixpqbS9ih6VIqWgEY9LD4W4gumZLj1CWww==",
			"requires": {
				"@aws-cdk/core": "1.103.0",
				"constructs": "^3.3.69"
			}
		},
		"@aws-cdk/aws-sns": {
			"version": "1.103.0",
			"resolved": "https://registry.npmjs.org/@aws-cdk/aws-sns/-/aws-sns-1.103.0.tgz",
			"integrity": "sha512-L6yyRzwjawN0RsOgQbnnf/l6ttkUZel8aUqv3+QtLTeq4XvHF5Qd12k96e++0JrpY5LufWah9dPr5aw7DprGkQ==",
			"requires": {
				"@aws-cdk/aws-cloudwatch": "1.103.0",
				"@aws-cdk/aws-events": "1.103.0",
				"@aws-cdk/aws-iam": "1.103.0",
				"@aws-cdk/aws-kms": "1.103.0",
				"@aws-cdk/aws-sqs": "1.103.0",
				"@aws-cdk/core": "1.103.0",
				"constructs": "^3.3.69"
			}
		},
		"@aws-cdk/aws-sns-subscriptions": {
			"version": "1.103.0",
			"resolved": "https://registry.npmjs.org/@aws-cdk/aws-sns-subscriptions/-/aws-sns-subscriptions-1.103.0.tgz",
			"integrity": "sha512-GBAcDTaOVxbHiREcqzVcGifWP/Lfut2juNxHDMqzq/M58MUBkqsy1Cr2/ZQXRxa4WOJtMbXpqwHMW3u/E1ZD6Q==",
			"requires": {
				"@aws-cdk/aws-iam": "1.103.0",
				"@aws-cdk/aws-lambda": "1.103.0",
				"@aws-cdk/aws-sns": "1.103.0",
				"@aws-cdk/aws-sqs": "1.103.0",
				"@aws-cdk/core": "1.103.0",
				"constructs": "^3.3.69"
			}
		},
		"@aws-cdk/aws-sqs": {
			"version": "1.103.0",
			"resolved": "https://registry.npmjs.org/@aws-cdk/aws-sqs/-/aws-sqs-1.103.0.tgz",
			"integrity": "sha512-Sr2HAulYz+eo0QbyiNyOAClNoM+KuaB0lVntmwd7pk9OZt1KDivD5qKsg+bJvwWmbMZ21cQ8zgqh5RG5+KpwdA==",
			"requires": {
				"@aws-cdk/aws-cloudwatch": "1.103.0",
				"@aws-cdk/aws-iam": "1.103.0",
				"@aws-cdk/aws-kms": "1.103.0",
				"@aws-cdk/core": "1.103.0",
				"constructs": "^3.3.69"
			}
		},
		"@aws-cdk/aws-ssm": {
			"version": "1.103.0",
			"resolved": "https://registry.npmjs.org/@aws-cdk/aws-ssm/-/aws-ssm-1.103.0.tgz",
			"integrity": "sha512-IytahFkEBwOHV5+GkUZyq5+Esu9rVxvR9xbNzvsDQF7Qgz1TGyuxaRSNOG3N6woqMlQCWblfuTH7NCXM+FV4gA==",
			"requires": {
				"@aws-cdk/aws-iam": "1.103.0",
				"@aws-cdk/aws-kms": "1.103.0",
				"@aws-cdk/cloud-assembly-schema": "1.103.0",
				"@aws-cdk/core": "1.103.0",
				"constructs": "^3.3.69"
			}
		},
		"@aws-cdk/aws-stepfunctions": {
			"version": "1.103.0",
			"resolved": "https://registry.npmjs.org/@aws-cdk/aws-stepfunctions/-/aws-stepfunctions-1.103.0.tgz",
			"integrity": "sha512-EOvv1sRLIkdnyadVB5CQTqcvfYVn1nJTEYCU53DLiIYVx1IB2qvMuqaD4n5iueBUMB2GlWqLi2eagtZo3MIwqA==",
			"requires": {
				"@aws-cdk/aws-cloudwatch": "1.103.0",
				"@aws-cdk/aws-events": "1.103.0",
				"@aws-cdk/aws-iam": "1.103.0",
				"@aws-cdk/aws-logs": "1.103.0",
				"@aws-cdk/aws-s3": "1.103.0",
				"@aws-cdk/core": "1.103.0",
				"constructs": "^3.3.69"
			}
		},
		"@aws-cdk/cfnspec": {
			"version": "1.103.0",
			"resolved": "https://registry.npmjs.org/@aws-cdk/cfnspec/-/cfnspec-1.103.0.tgz",
			"integrity": "sha512-Q8Q7WPuAU1m0MMLFEPbXUNGg+63abawLWJHQ38ar1+yf3PaK7r9gC5hENo1ulYxqbMZehUI04S5VxVXQfR9LWQ==",
			"dev": true,
			"requires": {
				"md5": "^2.3.0"
			}
		},
		"@aws-cdk/cloud-assembly-schema": {
			"version": "1.103.0",
			"resolved": "https://registry.npmjs.org/@aws-cdk/cloud-assembly-schema/-/cloud-assembly-schema-1.103.0.tgz",
			"integrity": "sha512-o2HjkGhmvN12E/G5E+2AqiEJVukFg6A8+UAv8/La3ldnJxiaPWegTERymoxa5vuNBWl+Abf4g4vZEsJ9hje3LA==",
			"requires": {
				"jsonschema": "^1.4.0",
				"semver": "^7.3.5"
			},
			"dependencies": {
				"jsonschema": {
					"version": "1.4.0",
					"bundled": true
				},
				"lru-cache": {
					"version": "6.0.0",
					"bundled": true,
					"requires": {
						"yallist": "^4.0.0"
					}
				},
				"semver": {
					"version": "7.3.5",
					"bundled": true,
					"requires": {
						"lru-cache": "^6.0.0"
					}
				},
				"yallist": {
					"version": "4.0.0",
					"bundled": true
				}
			}
		},
		"@aws-cdk/cloudformation-diff": {
			"version": "1.103.0",
			"resolved": "https://registry.npmjs.org/@aws-cdk/cloudformation-diff/-/cloudformation-diff-1.103.0.tgz",
			"integrity": "sha512-4Rjtc5zenpKDQOs18c86egid1Ia7Hlrcnkiyvdf15f3v1OjB4W4ZyPM2gzF6jOfyeREogC1r2NK7J3vu/An+HA==",
			"dev": true,
			"requires": {
				"@aws-cdk/cfnspec": "1.103.0",
				"colors": "^1.4.0",
				"diff": "^5.0.0",
				"fast-deep-equal": "^3.1.3",
				"string-width": "^4.2.2",
				"table": "^6.7.0"
			}
		},
		"@aws-cdk/core": {
			"version": "1.103.0",
			"resolved": "https://registry.npmjs.org/@aws-cdk/core/-/core-1.103.0.tgz",
			"integrity": "sha512-aHenoJwO12dF8YRT8GXXpxHyDEOvA+LLNmXBQX4dYMFMH5gGkbnPXTPqnbFeqXnWlzvaqo2CS7/tr5JYkVrcaA==",
			"requires": {
				"@aws-cdk/cloud-assembly-schema": "1.103.0",
				"@aws-cdk/cx-api": "1.103.0",
				"@aws-cdk/region-info": "1.103.0",
				"@balena/dockerignore": "^1.0.2",
				"constructs": "^3.3.69",
				"fs-extra": "^9.1.0",
				"ignore": "^5.1.8",
				"minimatch": "^3.0.4"
			},
			"dependencies": {
				"@balena/dockerignore": {
					"version": "1.0.2",
					"bundled": true
				},
				"at-least-node": {
					"version": "1.0.0",
					"bundled": true
				},
				"balanced-match": {
					"version": "1.0.2",
					"bundled": true
				},
				"brace-expansion": {
					"version": "1.1.11",
					"bundled": true,
					"requires": {
						"balanced-match": "^1.0.0",
						"concat-map": "0.0.1"
					}
				},
				"concat-map": {
					"version": "0.0.1",
					"bundled": true
				},
				"fs-extra": {
					"version": "9.1.0",
					"bundled": true,
					"requires": {
						"at-least-node": "^1.0.0",
						"graceful-fs": "^4.2.0",
						"jsonfile": "^6.0.1",
						"universalify": "^2.0.0"
					}
				},
				"graceful-fs": {
					"version": "4.2.6",
					"bundled": true
				},
				"ignore": {
					"version": "5.1.8",
					"bundled": true
				},
				"jsonfile": {
					"version": "6.1.0",
					"bundled": true,
					"requires": {
						"graceful-fs": "^4.1.6",
						"universalify": "^2.0.0"
					}
				},
				"minimatch": {
					"version": "3.0.4",
					"bundled": true,
					"requires": {
						"brace-expansion": "^1.1.7"
					}
				},
				"universalify": {
					"version": "2.0.0",
					"bundled": true
				}
			}
		},
		"@aws-cdk/custom-resources": {
			"version": "1.103.0",
			"resolved": "https://registry.npmjs.org/@aws-cdk/custom-resources/-/custom-resources-1.103.0.tgz",
			"integrity": "sha512-TrpaVPWc50xrGVD3hJ6HThMsqt8L6cvgpyWjmJvD1n7kSrJVzX+bvD+cHN3iyyfExXEBGVT99muemZcZwofK/w==",
			"requires": {
				"@aws-cdk/aws-cloudformation": "1.103.0",
				"@aws-cdk/aws-ec2": "1.103.0",
				"@aws-cdk/aws-iam": "1.103.0",
				"@aws-cdk/aws-lambda": "1.103.0",
				"@aws-cdk/aws-logs": "1.103.0",
				"@aws-cdk/aws-sns": "1.103.0",
				"@aws-cdk/core": "1.103.0",
				"constructs": "^3.3.69"
			}
		},
		"@aws-cdk/cx-api": {
			"version": "1.103.0",
			"resolved": "https://registry.npmjs.org/@aws-cdk/cx-api/-/cx-api-1.103.0.tgz",
			"integrity": "sha512-o4GoCKJaGIf9cZDQbSjQbDGGuPzF39PG07sfb7t7bGmxM0TJxbUdyjDsm54zdDBcJQSMbwKwcaCfLfcZ3SctcA==",
			"requires": {
				"@aws-cdk/cloud-assembly-schema": "1.103.0",
				"semver": "^7.3.5"
			},
			"dependencies": {
				"lru-cache": {
					"version": "6.0.0",
					"bundled": true,
					"requires": {
						"yallist": "^4.0.0"
					}
				},
				"semver": {
					"version": "7.3.5",
					"bundled": true,
					"requires": {
						"lru-cache": "^6.0.0"
					}
				},
				"yallist": {
					"version": "4.0.0",
					"bundled": true
				}
			}
		},
		"@aws-cdk/region-info": {
			"version": "1.103.0",
			"resolved": "https://registry.npmjs.org/@aws-cdk/region-info/-/region-info-1.103.0.tgz",
			"integrity": "sha512-jf1g9f2YpuQS5wsM9nm88xWfxYlFz5mB4Ywf7lobBVPETNdnyWfCKf4aeS8wGVxaBIOQkKhcR860pPv+c1mWOA=="
		},
		"@types/lodash": {
			"version": "4.14.136",
			"resolved": "https://registry.npmjs.org/@types/lodash/-/lodash-4.14.136.tgz",
			"integrity": "sha512-0GJhzBdvsW2RUccNHOBkabI8HZVdOXmXbXhuKlDEd5Vv12P7oAVGfomGp3Ne21o5D/qu1WmthlNKFaoZJJeErA==",
			"dev": true
		},
		"ajv": {
			"version": "8.3.0",
			"resolved": "https://registry.npmjs.org/ajv/-/ajv-8.3.0.tgz",
			"integrity": "sha512-RYE7B5An83d7eWnDR8kbdaIFqmKCNsP16ay1hDbJEU+sa0e3H9SebskCt0Uufem6cfAVu7Col6ubcn/W+Sm8/Q==",
			"dev": true,
			"requires": {
				"fast-deep-equal": "^3.1.1",
				"json-schema-traverse": "^1.0.0",
				"require-from-string": "^2.0.2",
				"uri-js": "^4.2.2"
			}
		},
		"ansi-regex": {
			"version": "5.0.0",
			"resolved": "https://registry.npmjs.org/ansi-regex/-/ansi-regex-5.0.0.tgz",
			"integrity": "sha512-bY6fj56OUQ0hU1KjFNDQuJFezqKdrAyFdIevADiqrWHwSlbmBNMHp5ak2f40Pm8JTFyM2mqxkG6ngkHO11f/lg==",
			"dev": true
		},
		"ansi-styles": {
			"version": "4.3.0",
			"resolved": "https://registry.npmjs.org/ansi-styles/-/ansi-styles-4.3.0.tgz",
			"integrity": "sha512-zbB9rCJAT1rbjiVDb2hqKFHNYLxgtk8NURxZ3IZwD3F6NtxbXZQCnnSi1Lkx+IDohdPlFp222wVALIheZJQSEg==",
			"dev": true,
			"requires": {
				"color-convert": "^2.0.1"
			}
		},
		"astral-regex": {
			"version": "2.0.0",
			"resolved": "https://registry.npmjs.org/astral-regex/-/astral-regex-2.0.0.tgz",
			"integrity": "sha512-Z7tMw1ytTXt5jqMcOP+OQteU1VuNK9Y02uuJtKQ1Sv69jXQKKg5cibLwGJow8yzZP+eAc18EmLGPal0bp36rvQ==",
			"dev": true
		},
		"cdk-build-tools": {
			"version": "file:../../../tools/cdk-build-tools",
			"dev": true
		},
		"cdk-integ-tools": {
			"version": "file:../../../tools/cdk-integ-tools",
			"dev": true
		},
		"charenc": {
			"version": "0.0.2",
			"resolved": "https://registry.npmjs.org/charenc/-/charenc-0.0.2.tgz",
			"integrity": "sha1-wKHS86cJLgN3S/qD8UwPxXkKhmc=",
			"dev": true
		},
		"color-convert": {
			"version": "2.0.1",
			"resolved": "https://registry.npmjs.org/color-convert/-/color-convert-2.0.1.tgz",
			"integrity": "sha512-RRECPsj7iu/xb5oKYcsFHSppFNnsj/52OVTRKb4zP5onXwVF3zVmmToNcOfGC+CRDpfK/U584fMg38ZHCaElKQ==",
			"dev": true,
			"requires": {
				"color-name": "~1.1.4"
			}
		},
		"color-name": {
			"version": "1.1.4",
			"resolved": "https://registry.npmjs.org/color-name/-/color-name-1.1.4.tgz",
			"integrity": "sha512-dOy+3AuW3a2wNbZHIuMZpTcgjGuLU/uBL/ubcZF9OXbDo8ff4O8yVp5Bf0efS8uEoYo5q4Fx7dY9OgQGXgAsQA==",
			"dev": true
		},
		"colors": {
			"version": "1.4.0",
			"resolved": "https://registry.npmjs.org/colors/-/colors-1.4.0.tgz",
			"integrity": "sha512-a+UqTh4kgZg/SlGvfbzDHpgRu7AAQOmmqRHJnxhRZICKFUT91brVhNNt58CMWU9PsBbv3PDCZUHbVxuDiH2mtA==",
			"dev": true
		},
		"constructs": {
			"version": "3.3.75",
			"resolved": "https://registry.npmjs.org/constructs/-/constructs-3.3.75.tgz",
			"integrity": "sha512-q10foASSSfDWmS99OQLfnWDXCzqLvoORISAVWPFg0AmIGlBv2ZdDOtXxLqrJARPxVlOldmW2JzWzdRI+4+0/ZA=="
		},
		"crypt": {
			"version": "0.0.2",
			"resolved": "https://registry.npmjs.org/crypt/-/crypt-0.0.2.tgz",
			"integrity": "sha1-iNf/fsDfuG9xPch7u0LQRNPmxBs=",
			"dev": true
		},
		"diff": {
			"version": "5.0.0",
			"resolved": "https://registry.npmjs.org/diff/-/diff-5.0.0.tgz",
			"integrity": "sha512-/VTCrvm5Z0JGty/BWHljh+BAiw3IK+2j87NGMu8Nwc/f48WoDAC395uomO9ZD117ZOBaHmkX1oyLvkVM/aIT3w==",
			"dev": true
		},
		"emoji-regex": {
			"version": "8.0.0",
			"resolved": "https://registry.npmjs.org/emoji-regex/-/emoji-regex-8.0.0.tgz",
			"integrity": "sha512-MSjYzcWNOA0ewAHpz0MxpYFvwg6yjy1NG3xteoqz644VCo/RPgnr1/GGt+ic3iJTzQ8Eu3TdM14SawnVUmGE6A==",
			"dev": true
		},
		"fast-deep-equal": {
			"version": "3.1.3",
			"resolved": "https://registry.npmjs.org/fast-deep-equal/-/fast-deep-equal-3.1.3.tgz",
			"integrity": "sha512-f3qQ9oQy9j2AhBe/H9VC91wLmKBCCU/gDOnKNAYG5hswO7BLKj09Hc5HYNz9cGI++xlpDCIgDaitVs03ATR84Q==",
			"dev": true
		},
		"is-buffer": {
			"version": "1.1.6",
			"resolved": "https://registry.npmjs.org/is-buffer/-/is-buffer-1.1.6.tgz",
			"integrity": "sha512-NcdALwpXkTm5Zvvbk7owOUSvVvBKDgKP5/ewfXEznmQFfs4ZRmanOeKBTjRVjka3QFoN6XJ+9F3USqfHqTaU5w==",
			"dev": true
		},
		"is-fullwidth-code-point": {
			"version": "3.0.0",
			"resolved": "https://registry.npmjs.org/is-fullwidth-code-point/-/is-fullwidth-code-point-3.0.0.tgz",
			"integrity": "sha512-zymm5+u+sCsSWyD9qNaejV3DFvhCKclKdizYaJUuHA83RLjb7nSuGnddCHGv0hk+KY7BMAlsWeK4Ueg6EV6XQg==",
			"dev": true
		},
		"json-schema-traverse": {
			"version": "1.0.0",
			"resolved": "https://registry.npmjs.org/json-schema-traverse/-/json-schema-traverse-1.0.0.tgz",
			"integrity": "sha512-NM8/P9n3XjXhIZn1lLhkFaACTOURQXjWhV4BA/RnOv8xvgqtqpAX9IO4mRQxSx1Rlo4tqzeqb0sOlruaOy3dug==",
			"dev": true
		},
		"lodash": {
			"version": "4.17.21",
			"resolved": "https://registry.npmjs.org/lodash/-/lodash-4.17.21.tgz",
			"integrity": "sha512-v2kDEe57lecTulaDIuNTPy3Ry4gLGJ6Z1O3vE1krgXZNrsQ+LFTGHVxVjcXPs17LhbZVGedAJv8XZ1tvj5FvSg==",
			"dev": true
		},
		"lodash.clonedeep": {
			"version": "4.5.0",
			"resolved": "https://registry.npmjs.org/lodash.clonedeep/-/lodash.clonedeep-4.5.0.tgz",
			"integrity": "sha1-4j8/nE+Pvd6HJSnBBxhXoIblzO8=",
			"dev": true
		},
		"lodash.truncate": {
			"version": "4.4.2",
			"resolved": "https://registry.npmjs.org/lodash.truncate/-/lodash.truncate-4.4.2.tgz",
			"integrity": "sha1-WjUNoLERO4N+z//VgSy+WNbq4ZM=",
			"dev": true
		},
		"md5": {
			"version": "2.3.0",
			"resolved": "https://registry.npmjs.org/md5/-/md5-2.3.0.tgz",
			"integrity": "sha512-T1GITYmFaKuO91vxyoQMFETst+O71VUPEU3ze5GNzDm0OWdP8v1ziTaAEPUr/3kLsY3Sftgz242A1SetQiDL7g==",
			"dev": true,
			"requires": {
				"charenc": "0.0.2",
				"crypt": "0.0.2",
				"is-buffer": "~1.1.6"
			}
		},
		"pkglint": {
			"version": "file:../../../tools/pkglint",
			"dev": true
		},
		"punycode": {
			"version": "2.1.1",
			"resolved": "https://registry.npmjs.org/punycode/-/punycode-2.1.1.tgz",
			"integrity": "sha512-XRsRjdf+j5ml+y/6GKHPZbrF/8p2Yga0JPtdqTIY2Xe5ohJPD9saDJJLPvp9+NSBprVvevdXZybnj2cv8OEd0A==",
			"dev": true
		},
		"require-from-string": {
			"version": "2.0.2",
			"resolved": "https://registry.npmjs.org/require-from-string/-/require-from-string-2.0.2.tgz",
			"integrity": "sha512-Xf0nWe6RseziFMu+Ap9biiUbmplq6S9/p+7w7YXP/JBHhrUDDUhwa+vANyubuqfZWTveU//DYVGsDG7RKL/vEw==",
			"dev": true
		},
		"slice-ansi": {
			"version": "4.0.0",
			"resolved": "https://registry.npmjs.org/slice-ansi/-/slice-ansi-4.0.0.tgz",
			"integrity": "sha512-qMCMfhY040cVHT43K9BFygqYbUPFZKHOg7K73mtTWJRb8pyP3fzf4Ixd5SzdEJQ6MRUg/WBnOLxghZtKKurENQ==",
			"dev": true,
			"requires": {
				"ansi-styles": "^4.0.0",
				"astral-regex": "^2.0.0",
				"is-fullwidth-code-point": "^3.0.0"
			}
		},
		"string-width": {
			"version": "4.2.2",
			"resolved": "https://registry.npmjs.org/string-width/-/string-width-4.2.2.tgz",
			"integrity": "sha512-XBJbT3N4JhVumXE0eoLU9DCjcaF92KLNqTmFCnG1pf8duUxFGwtP6AD6nkjw9a3IdiRtL3E2w3JDiE/xi3vOeA==",
			"dev": true,
			"requires": {
				"emoji-regex": "^8.0.0",
				"is-fullwidth-code-point": "^3.0.0",
				"strip-ansi": "^6.0.0"
			}
		},
		"strip-ansi": {
			"version": "6.0.0",
			"resolved": "https://registry.npmjs.org/strip-ansi/-/strip-ansi-6.0.0.tgz",
			"integrity": "sha512-AuvKTrTfQNYNIctbR1K/YGTR1756GycPsg7b9bdV9Duqur4gv6aKqHXah67Z8ImS7WEz5QVcOtlfW2rZEugt6w==",
			"dev": true,
			"requires": {
				"ansi-regex": "^5.0.0"
			}
		},
		"table": {
			"version": "6.7.0",
			"resolved": "https://registry.npmjs.org/table/-/table-6.7.0.tgz",
			"integrity": "sha512-SAM+5p6V99gYiiy2gT5ArdzgM1dLDed0nkrWmG6Fry/bUS/m9x83BwpJUOf1Qj/x2qJd+thL6IkIx7qPGRxqBw==",
			"dev": true,
			"requires": {
				"ajv": "^8.0.1",
				"lodash.clonedeep": "^4.5.0",
				"lodash.truncate": "^4.4.2",
				"slice-ansi": "^4.0.0",
				"string-width": "^4.2.0",
				"strip-ansi": "^6.0.0"
			}
		},
		"uri-js": {
			"version": "4.4.1",
			"resolved": "https://registry.npmjs.org/uri-js/-/uri-js-4.4.1.tgz",
			"integrity": "sha512-7rKUyy33Q1yc98pQ1DAmLtwX109F7TIfWlW1Ydo8Wl1ii1SeHieeh0HHfPeL2fMXK6z0s8ecKs9frCuLJvndBg==",
			"dev": true,
			"requires": {
				"punycode": "^2.1.0"
			}
		}
	}
}
